{
    "_meta": {
        "hash": {
            "sha256": "0ec86ec738197fb2a57d1a1a8ec0d0e4365471691d60566a8283498a526e0df9"
        },
        "pipfile-spec": 6,
        "requires": {
            "python_version": "3.6"
        },
        "sources": [
            {
                "name": "pypi",
                "url": "https://pypi.org/simple",
                "verify_ssl": true
            }
        ]
    },
    "default": {
        "forbiddenfruit": {
            "hashes": [
                "sha256:1188a07cc24a9bd2c529dad06490b80a6fc88cde968af4d7861da81686b2cc8c"
            ],
            "index": "pypi",
            "version": "==0.1.3"
        }
    },
    "develop": {
        "toml": {
            "hashes": [
                "sha256:8e86bd6ce8cc11b9620cb637466453d94f5d57ad86f17e98a98d1f73e3baab2d"
            ],
            "index": "pypi",
            "version": "==0.9.4"
        }
    }
}
