{
    "_meta": {
        "hash": {
            "sha256": "b8e3fd491ecae16030076dc8fea4f364043f465263cec35720bcc6c13d791681"
        },
        "pipfile-spec": 6,
        "requires": {
            "python_version": "3.6"
        },
        "sources": [
            {
                "name": "pypi",
                "url": "https://pypi.org/simple",
                "verify_ssl": true
            }
        ]
    },
    "default": {
        "forbiddenfruit": {
            "hashes": [
                "sha256:09ee1959fa34936c15417defa28bfd09cf88ad54c15454bc863d465ed42b8922"
            ],
            "index": "pypi",
            "version": "==0.1.2"
        }
    },
    "develop": {
        "toml": {
            "hashes": [
                "sha256:8e86bd6ce8cc11b9620cb637466453d94f5d57ad86f17e98a98d1f73e3baab2d"
            ],
            "index": "pypi",
            "version": "==0.9.4"
        }
    }
}
