{
    "_meta": {
        "hash": {
            "sha256": "4db59ae8d387de2595fa0a312bd37aa361bf35156afcf3f806dac239a962d741"
        },
        "pipfile-spec": 6,
        "requires": {
            "python_version": "3.6"
        },
        "sources": [
            {
                "name": "pypi",
                "url": "https://pypi.org/simple",
                "verify_ssl": true
            }
        ]
    },
    "default": {
        "forbiddenfruit": {
            "hashes": [
                "sha256:e3f7e66561a29ae129aac139a85d610dbf3dd896128187ed5454b6421f624253"
            ],
            "index": "pypi",
            "version": "==0.1.4"
        }
    },
    "develop": {
        "toml": {
            "hashes": [
                "sha256:8e86bd6ce8cc11b9620cb637466453d94f5d57ad86f17e98a98d1f73e3baab2d"
            ],
            "index": "pypi",
            "version": "==0.9.4"
        }
    }
}
